
Microsoft Visual Studio Solution File, Format Version 12.00
# Visual Studio 15
VisualStudioVersion = 15.0.27004.2006
MinimumVisualStudioVersion = 10.0.40219.1
Project("{FAE04EC0-301F-11D3-BF4B-00C04F79EFBC}") = "ROT13", "ROT13\ROT13.csproj", "{AAE43F11-1D48-4861-AA14-6E3DB4696E9C}"
EndProject
Project("{FAE04EC0-301F-11D3-BF4B-00C04F79EFBC}") = "ROT13Test", "ROT13Test\ROT13Test.csproj", "{8FC71077-2662-48FE-9538-6E0513A39EAF}"
EndProject
Global
	GlobalSection(SolutionConfigurationPlatforms) = preSolution
		Debug|Any CPU = Debug|Any CPU
		Release|Any CPU = Release|Any CPU
	EndGlobalSection
	GlobalSection(ProjectConfigurationPlatforms) = postSolution
		{AAE43F11-1D48-4861-AA14-6E3DB4696E9C}.Debug|Any CPU.ActiveCfg = Debug|Any CPU
		{AAE43F11-1D48-4861-AA14-6E3DB4696E9C}.Debug|Any CPU.Build.0 = Debug|Any CPU
		{AAE43F11-1D48-4861-AA14-6E3DB4696E9C}.Release|Any CPU.ActiveCfg = Release|Any CPU
		{AAE43F11-1D48-4861-AA14-6E3DB4696E9C}.Release|Any CPU.Build.0 = Release|Any CPU
		{8FC71077-2662-48FE-9538-6E0513A39EAF}.Debug|Any CPU.ActiveCfg = Debug|Any CPU
		{8FC71077-2662-48FE-9538-6E0513A39EAF}.Debug|Any CPU.Build.0 = Debug|Any CPU
		{8FC71077-2662-48FE-9538-6E0513A39EAF}.Release|Any CPU.ActiveCfg = Release|Any CPU
		{8FC71077-2662-48FE-9538-6E0513A39EAF}.Release|Any CPU.Build.0 = Release|Any CPU
	EndGlobalSection
	GlobalSection(SolutionProperties) = preSolution
		HideSolutionNode = FALSE
	EndGlobalSection
	GlobalSection(ExtensibilityGlobals) = postSolution
		SolutionGuid = {62D59CC0-0E57-44A2-B4F2-D1753D620792}
	EndGlobalSection
EndGlobal
